
Microsoft Visual Studio Solution File, Format Version 12.00
# Visual Studio Version 16
VisualStudioVersion = 16.0.31729.503
MinimumVisualStudioVersion = 10.0.40219.1
Project("{FAE04EC0-301F-11D3-BF4B-00C04F79EFBC}") = "WebApplication2", "WebApplication2\WebApplication2.csproj", "{DB16FC66-4D26-4FF1-984F-7B3A029C56B1}"
EndProject
Global
	GlobalSection(SolutionConfigurationPlatforms) = preSolution
		Debug|Any CPU = Debug|Any CPU
		Release|Any CPU = Release|Any CPU
	EndGlobalSection
	GlobalSection(ProjectConfigurationPlatforms) = postSolution
		{DB16FC66-4D26-4FF1-984F-7B3A029C56B1}.Debug|Any CPU.ActiveCfg = Debug|Any CPU
		{DB16FC66-4D26-4FF1-984F-7B3A029C56B1}.Debug|Any CPU.Build.0 = Debug|Any CPU
		{DB16FC66-4D26-4FF1-984F-7B3A029C56B1}.Release|Any CPU.ActiveCfg = Release|Any CPU
		{DB16FC66-4D26-4FF1-984F-7B3A029C56B1}.Release|Any CPU.Build.0 = Release|Any CPU
	EndGlobalSection
	GlobalSection(SolutionProperties) = preSolution
		HideSolutionNode = FALSE
	EndGlobalSection
	GlobalSection(ExtensibilityGlobals) = postSolution
		SolutionGuid = {59B3238D-EF4B-4890-BC69-20BE1C1F475C}
	EndGlobalSection
EndGlobal
